
Microsoft Visual Studio Solution File, Format Version 12.00
# Visual Studio 14
VisualStudioVersion = 14.0.24720.0
MinimumVisualStudioVersion = 10.0.40219.1
Project("{FAE04EC0-301F-11D3-BF4B-00C04F79EFBC}") = "WFA-Hangman-EYE", "WFA-Hangman-EYE\WFA-Hangman-EYE.csproj", "{6F303744-4C5C-453A-A081-7F741D3EF750}"
EndProject
Global
	GlobalSection(SolutionConfigurationPlatforms) = preSolution
		Debug|Any CPU = Debug|Any CPU
		Release|Any CPU = Release|Any CPU
	EndGlobalSection
	GlobalSection(ProjectConfigurationPlatforms) = postSolution
		{6F303744-4C5C-453A-A081-7F741D3EF750}.Debug|Any CPU.ActiveCfg = Debug|Any CPU
		{6F303744-4C5C-453A-A081-7F741D3EF750}.Debug|Any CPU.Build.0 = Debug|Any CPU
		{6F303744-4C5C-453A-A081-7F741D3EF750}.Release|Any CPU.ActiveCfg = Release|Any CPU
		{6F303744-4C5C-453A-A081-7F741D3EF750}.Release|Any CPU.Build.0 = Release|Any CPU
	EndGlobalSection
	GlobalSection(SolutionProperties) = preSolution
		HideSolutionNode = FALSE
	EndGlobalSection
EndGlobal
